
Microsoft Visual Studio Solution File, Format Version 12.00
# Visual Studio Version 18
VisualStudioVersion = 18.0.11205.157
MinimumVisualStudioVersion = 10.0.40219.1
Project("{9A19103F-16F7-4668-BE54-9A1E7A4F7556}") = "StrategyTester", "MakeMoneyApp\StrategyTester.csproj", "{80948FBF-9272-4487-85DF-E0F95988D7FD}"
EndProject
Project("{FAE04EC0-301F-11D3-BF4B-00C04F79EFBC}") = "AlphaVantage.Net.Core", "3rdPartyProjects\AlphaVantage.Net.Core\AlphaVantage.Net.Core.csproj", "{364F9801-6D5E-1CD5-0E34-024CE367BB4E}"
EndProject
Project("{FAE04EC0-301F-11D3-BF4B-00C04F79EFBC}") = "AlphaVantage.Net.Stocks", "3rdPartyProjects\AlphaVantage.Net.Stocks\AlphaVantage.Net.Stocks.csproj", "{5D8BC309-1EC5-F26D-A0BD-1B1B1E3A94A2}"
EndProject
Project("{FAE04EC0-301F-11D3-BF4B-00C04F79EFBC}") = "OoplesFinance.YahooFinanceAPI", "3rdPartyProjects\OoplesFinance.YahooFinanceAPI\OoplesFinance.YahooFinanceAPI.csproj", "{EF1F0865-0A5F-0106-3B46-770A416E538E}"
EndProject
Project("{FAE04EC0-301F-11D3-BF4B-00C04F79EFBC}") = "AlphaVantage.Net.Stocks.Tests", "Tests\AlphaVantage.Net.Stocks.Tests\AlphaVantage.Net.Stocks.Tests.csproj", "{F27E7E4F-A0A8-6531-1751-B78F300D7933}"
EndProject
Project("{FAE04EC0-301F-11D3-BF4B-00C04F79EFBC}") = "AlphaVantage.Net.Core.Tests", "Tests\AlphaVantage.Net.Core.Tests\AlphaVantage.Net.Core.Tests.csproj", "{EF334DB1-5EFC-5CF5-B948-4AC091BF5DA9}"
EndProject
Project("{2150E333-8FDC-42A3-9474-1A3956D46DE8}") = "Tests", "Tests", "{A5F1C68C-85E8-4B2B-A297-A2C65C3159A1}"
EndProject
Project("{2150E333-8FDC-42A3-9474-1A3956D46DE8}") = "3rdPartyProjects", "3rdPartyProjects", "{16742CBC-DCA0-4751-9A81-DDCFAC700E81}"
EndProject
Global
	GlobalSection(SolutionConfigurationPlatforms) = preSolution
		Debug|Any CPU = Debug|Any CPU
		Release|Any CPU = Release|Any CPU
	EndGlobalSection
	GlobalSection(ProjectConfigurationPlatforms) = postSolution
		{80948FBF-9272-4487-85DF-E0F95988D7FD}.Debug|Any CPU.ActiveCfg = Debug|Any CPU
		{80948FBF-9272-4487-85DF-E0F95988D7FD}.Debug|Any CPU.Build.0 = Debug|Any CPU
		{80948FBF-9272-4487-85DF-E0F95988D7FD}.Release|Any CPU.ActiveCfg = Release|Any CPU
		{80948FBF-9272-4487-85DF-E0F95988D7FD}.Release|Any CPU.Build.0 = Release|Any CPU
		{364F9801-6D5E-1CD5-0E34-024CE367BB4E}.Debug|Any CPU.ActiveCfg = Debug|Any CPU
		{364F9801-6D5E-1CD5-0E34-024CE367BB4E}.Debug|Any CPU.Build.0 = Debug|Any CPU
		{364F9801-6D5E-1CD5-0E34-024CE367BB4E}.Release|Any CPU.ActiveCfg = Release|Any CPU
		{364F9801-6D5E-1CD5-0E34-024CE367BB4E}.Release|Any CPU.Build.0 = Release|Any CPU
		{5D8BC309-1EC5-F26D-A0BD-1B1B1E3A94A2}.Debug|Any CPU.ActiveCfg = Debug|Any CPU
		{5D8BC309-1EC5-F26D-A0BD-1B1B1E3A94A2}.Debug|Any CPU.Build.0 = Debug|Any CPU
		{5D8BC309-1EC5-F26D-A0BD-1B1B1E3A94A2}.Release|Any CPU.ActiveCfg = Release|Any CPU
		{5D8BC309-1EC5-F26D-A0BD-1B1B1E3A94A2}.Release|Any CPU.Build.0 = Release|Any CPU
		{EF1F0865-0A5F-0106-3B46-770A416E538E}.Debug|Any CPU.ActiveCfg = Debug|Any CPU
		{EF1F0865-0A5F-0106-3B46-770A416E538E}.Debug|Any CPU.Build.0 = Debug|Any CPU
		{EF1F0865-0A5F-0106-3B46-770A416E538E}.Release|Any CPU.ActiveCfg = Release|Any CPU
		{EF1F0865-0A5F-0106-3B46-770A416E538E}.Release|Any CPU.Build.0 = Release|Any CPU
		{F27E7E4F-A0A8-6531-1751-B78F300D7933}.Debug|Any CPU.ActiveCfg = Debug|Any CPU
		{F27E7E4F-A0A8-6531-1751-B78F300D7933}.Debug|Any CPU.Build.0 = Debug|Any CPU
		{F27E7E4F-A0A8-6531-1751-B78F300D7933}.Release|Any CPU.ActiveCfg = Release|Any CPU
		{F27E7E4F-A0A8-6531-1751-B78F300D7933}.Release|Any CPU.Build.0 = Release|Any CPU
		{EF334DB1-5EFC-5CF5-B948-4AC091BF5DA9}.Debug|Any CPU.ActiveCfg = Debug|Any CPU
		{EF334DB1-5EFC-5CF5-B948-4AC091BF5DA9}.Debug|Any CPU.Build.0 = Debug|Any CPU
		{EF334DB1-5EFC-5CF5-B948-4AC091BF5DA9}.Release|Any CPU.ActiveCfg = Release|Any CPU
		{EF334DB1-5EFC-5CF5-B948-4AC091BF5DA9}.Release|Any CPU.Build.0 = Release|Any CPU
	EndGlobalSection
	GlobalSection(SolutionProperties) = preSolution
		HideSolutionNode = FALSE
	EndGlobalSection
	GlobalSection(NestedProjects) = preSolution
		{364F9801-6D5E-1CD5-0E34-024CE367BB4E} = {16742CBC-DCA0-4751-9A81-DDCFAC700E81}
		{5D8BC309-1EC5-F26D-A0BD-1B1B1E3A94A2} = {16742CBC-DCA0-4751-9A81-DDCFAC700E81}
		{EF1F0865-0A5F-0106-3B46-770A416E538E} = {16742CBC-DCA0-4751-9A81-DDCFAC700E81}
		{F27E7E4F-A0A8-6531-1751-B78F300D7933} = {A5F1C68C-85E8-4B2B-A297-A2C65C3159A1}
		{EF334DB1-5EFC-5CF5-B948-4AC091BF5DA9} = {A5F1C68C-85E8-4B2B-A297-A2C65C3159A1}
	EndGlobalSection
	GlobalSection(ExtensibilityGlobals) = postSolution
		SolutionGuid = {C3D2F0BE-3263-410C-97F6-AFCA4332C0F2}
	EndGlobalSection
EndGlobal
